
Microsoft Visual Studio Solution File, Format Version 12.00
# Visual Studio 15
VisualStudioVersion = 15.0.27004.2002
MinimumVisualStudioVersion = 10.0.40219.1
Project("{FAE04EC0-301F-11D3-BF4B-00C04F79EFBC}") = "PabxInfo", "PabxInfo\PabxInfo.csproj", "{3270027B-5DFD-4EB6-B52D-1DADE9C33286}"
EndProject
Project("{FAE04EC0-301F-11D3-BF4B-00C04F79EFBC}") = "PabxInfo.Models", "PabxInfo.Models\PabxInfo.Models.csproj", "{89231EBD-A50D-4248-A3B2-2D716651A0DB}"
EndProject
Project("{FAE04EC0-301F-11D3-BF4B-00C04F79EFBC}") = "PabxInfo.BLL", "PabxInfo.BLL\PabxInfo.BLL.csproj", "{C0122A57-35B6-4EBF-81C9-E7B42541A658}"
EndProject
Project("{FAE04EC0-301F-11D3-BF4B-00C04F79EFBC}") = "PabxInfo.Repository", "PabxInfo.Repository\PabxInfo.Repository.csproj", "{C4A80F2D-E6AC-4237-BFF6-013E27F196B9}"
EndProject
Project("{FAE04EC0-301F-11D3-BF4B-00C04F79EFBC}") = "PabxInfo.DatabaseContext", "PabxInfo.DatabaseContext\PabxInfo.DatabaseContext.csproj", "{B8662538-8EE0-42C3-B7D5-572B62C0FF1E}"
EndProject
Global
	GlobalSection(SolutionConfigurationPlatforms) = preSolution
		Debug|Any CPU = Debug|Any CPU
		Release|Any CPU = Release|Any CPU
	EndGlobalSection
	GlobalSection(ProjectConfigurationPlatforms) = postSolution
		{3270027B-5DFD-4EB6-B52D-1DADE9C33286}.Debug|Any CPU.ActiveCfg = Debug|Any CPU
		{3270027B-5DFD-4EB6-B52D-1DADE9C33286}.Debug|Any CPU.Build.0 = Debug|Any CPU
		{3270027B-5DFD-4EB6-B52D-1DADE9C33286}.Release|Any CPU.ActiveCfg = Release|Any CPU
		{3270027B-5DFD-4EB6-B52D-1DADE9C33286}.Release|Any CPU.Build.0 = Release|Any CPU
		{89231EBD-A50D-4248-A3B2-2D716651A0DB}.Debug|Any CPU.ActiveCfg = Debug|Any CPU
		{89231EBD-A50D-4248-A3B2-2D716651A0DB}.Debug|Any CPU.Build.0 = Debug|Any CPU
		{89231EBD-A50D-4248-A3B2-2D716651A0DB}.Release|Any CPU.ActiveCfg = Release|Any CPU
		{89231EBD-A50D-4248-A3B2-2D716651A0DB}.Release|Any CPU.Build.0 = Release|Any CPU
		{C0122A57-35B6-4EBF-81C9-E7B42541A658}.Debug|Any CPU.ActiveCfg = Debug|Any CPU
		{C0122A57-35B6-4EBF-81C9-E7B42541A658}.Debug|Any CPU.Build.0 = Debug|Any CPU
		{C0122A57-35B6-4EBF-81C9-E7B42541A658}.Release|Any CPU.ActiveCfg = Release|Any CPU
		{C0122A57-35B6-4EBF-81C9-E7B42541A658}.Release|Any CPU.Build.0 = Release|Any CPU
		{C4A80F2D-E6AC-4237-BFF6-013E27F196B9}.Debug|Any CPU.ActiveCfg = Debug|Any CPU
		{C4A80F2D-E6AC-4237-BFF6-013E27F196B9}.Debug|Any CPU.Build.0 = Debug|Any CPU
		{C4A80F2D-E6AC-4237-BFF6-013E27F196B9}.Release|Any CPU.ActiveCfg = Release|Any CPU
		{C4A80F2D-E6AC-4237-BFF6-013E27F196B9}.Release|Any CPU.Build.0 = Release|Any CPU
		{B8662538-8EE0-42C3-B7D5-572B62C0FF1E}.Debug|Any CPU.ActiveCfg = Debug|Any CPU
		{B8662538-8EE0-42C3-B7D5-572B62C0FF1E}.Debug|Any CPU.Build.0 = Debug|Any CPU
		{B8662538-8EE0-42C3-B7D5-572B62C0FF1E}.Release|Any CPU.ActiveCfg = Release|Any CPU
		{B8662538-8EE0-42C3-B7D5-572B62C0FF1E}.Release|Any CPU.Build.0 = Release|Any CPU
	EndGlobalSection
	GlobalSection(SolutionProperties) = preSolution
		HideSolutionNode = FALSE
	EndGlobalSection
	GlobalSection(ExtensibilityGlobals) = postSolution
		SolutionGuid = {5576349F-F4F8-4DAE-B083-3E749E4FF988}
	EndGlobalSection
EndGlobal
